<?xml version="1.0" encoding="utf-8"?>
<Project ToolsVersion="4.0" xmlns="http://schemas.microsoft.com/developer/msbuild/2003">
  <ItemGroup>
    <ClCompile Include="AIControlComponent1.cpp">
      <Filter>Game</Filter>
    </ClCompile>
    <ClCompile Include="AINodeComponent.cpp">
      <Filter>Game</Filter>
    </ClCompile>
    <ClCompile Include="BulletComponent.cpp">
      <Filter>Game</Filter>
    </ClCompile>
    <ClCompile Include="EnemyComponent.cpp">
      <Filter>Game</Filter>
    </ClCompile>
    <ClCompile Include="FloatComponent.cpp">
      <Filter>Game</Filter>
    </ClCompile>
    <ClCompile Include="HealthComponent.cpp">
      <Filter>Game</Filter>
    </ClCompile>
    <ClCompile Include="MachineGunComponent.cpp">
      <Filter>Game</Filter>
    </ClCompile>
    <ClCompile Include="OceanComponent.cpp">
      <Filter>Game</Filter>
    </ClCompile>
    <ClCompile Include="PlayerComponent.cpp">
      <Filter>Game</Filter>
    </ClCompile>
    <ClCompile Include="PowerUpComponent.cpp">
      <Filter>Game</Filter>
    </ClCompile>
    <ClCompile Include="PuddleComponent.cpp">
      <Filter>Game</Filter>
    </ClCompile>
    <ClCompile Include="RotateComponent.cpp">
      <Filter>Game</Filter>
    </ClCompile>
    <ClCompile Include="StaticComponent.cpp">
      <Filter>Game</Filter>
    </ClCompile>
    <ClCompile Include="VehicleComponent.cpp">
      <Filter>Game</Filter>
    </ClCompile>
    <ClCompile Include="Audio.cpp">
      <Filter>Engine</Filter>
    </ClCompile>
    <ClCompile Include="Camera.cpp">
      <Filter>Engine</Filter>
    </ClCompile>
    <ClCompile Include="Component.cpp">
      <Filter>Engine</Filter>
    </ClCompile>
    <ClCompile Include="Game.cpp">
      <Filter>Engine</Filter>
    </ClCompile>
    <ClCompile Include="GameManager.cpp">
      <Filter>Engine</Filter>
    </ClCompile>
    <ClCompile Include="GameObject.cpp">
      <Filter>Engine</Filter>
    </ClCompile>
    <ClCompile Include="main.cpp">
      <Filter>Engine</Filter>
    </ClCompile>
    <ClCompile Include="ParticleSystem.cpp">
      <Filter>Engine</Filter>
    </ClCompile>
    <ClCompile Include="Physics.cpp">
      <Filter>Engine</Filter>
    </ClCompile>
    <ClCompile Include="Renderer.cpp">
      <Filter>Engine</Filter>
    </ClCompile>
    <ClCompile Include="Transform.cpp">
      <Filter>Engine</Filter>
    </ClCompile>
    <ClCompile Include="VehicleRaycast.cpp">
      <Filter>Engine</Filter>
    </ClCompile>
    <ClCompile Include="ButtonCode.cpp">
      <Filter>Utility</Filter>
    </ClCompile>
    <ClCompile Include="Input.cpp">
      <Filter>Utility</Filter>
    </ClCompile>
    <ClCompile Include="Mathf.cpp">
      <Filter>Utility</Filter>
    </ClCompile>
    <ClCompile Include="Random.cpp">
      <Filter>Utility</Filter>
    </ClCompile>
    <ClCompile Include="Time.cpp">
      <Filter>Utility</Filter>
    </ClCompile>
    <ClCompile Include="RendererUtility.cpp">
      <Filter>Utility</Filter>
    </ClCompile>
    <ClCompile Include="GeoGenerator.cpp">
      <Filter>Utility</Filter>
    </ClCompile>
    <ClCompile Include="Loader.cpp">
      <Filter>Utility</Filter>
    </ClCompile>
    <ClCompile Include="MissileLauncherComponent.cpp">
      <Filter>Game</Filter>
    </ClCompile>
    <ClCompile Include="MissileComponent.cpp">
      <Filter>Game</Filter>
    </ClCompile>
    <ClCompile Include="FlamethrowerComponent.cpp">
      <Filter>Game</Filter>
    </ClCompile>
  </ItemGroup>
  <ItemGroup>
    <ClInclude Include="AIControlComponent1.h">
      <Filter>Game</Filter>
    </ClInclude>
    <ClInclude Include="AINodeComponent.h">
      <Filter>Game</Filter>
    </ClInclude>
    <ClInclude Include="BulletComponent.h">
      <Filter>Game</Filter>
    </ClInclude>
    <ClInclude Include="EnemyComponent.h">
      <Filter>Game</Filter>
    </ClInclude>
    <ClInclude Include="FloatComponent.h">
      <Filter>Game</Filter>
    </ClInclude>
    <ClInclude Include="HealthComponent.h">
      <Filter>Game</Filter>
    </ClInclude>
    <ClInclude Include="MachineGunComponent.h">
      <Filter>Game</Filter>
    </ClInclude>
    <ClInclude Include="OceanComponent.h">
      <Filter>Game</Filter>
    </ClInclude>
    <ClInclude Include="PlayerComponent.h">
      <Filter>Game</Filter>
    </ClInclude>
    <ClInclude Include="PowerUpComponent.h">
      <Filter>Game</Filter>
    </ClInclude>
    <ClInclude Include="PuddleComponent.h">
      <Filter>Game</Filter>
    </ClInclude>
    <ClInclude Include="RotateComponent.h">
      <Filter>Game</Filter>
    </ClInclude>
    <ClInclude Include="StaticComponent.h">
      <Filter>Game</Filter>
    </ClInclude>
    <ClInclude Include="VehicleComponent.h">
      <Filter>Game</Filter>
    </ClInclude>
    <ClInclude Include="Audio.h">
      <Filter>Engine</Filter>
    </ClInclude>
    <ClInclude Include="Camera.h">
      <Filter>Engine</Filter>
    </ClInclude>
    <ClInclude Include="CommonIncludes.h">
      <Filter>Engine</Filter>
    </ClInclude>
    <ClInclude Include="Component.h">
      <Filter>Engine</Filter>
    </ClInclude>
    <ClInclude Include="Game.h">
      <Filter>Engine</Filter>
    </ClInclude>
    <ClInclude Include="GameManager.h">
      <Filter>Engine</Filter>
    </ClInclude>
    <ClInclude Include="GameObject.h">
      <Filter>Engine</Filter>
    </ClInclude>
    <ClInclude Include="ParticleSystem.h">
      <Filter>Engine</Filter>
    </ClInclude>
    <ClInclude Include="Physics.h">
      <Filter>Engine</Filter>
    </ClInclude>
    <ClInclude Include="Renderer.h">
      <Filter>Engine</Filter>
    </ClInclude>
    <ClInclude Include="resource.h">
      <Filter>Engine</Filter>
    </ClInclude>
    <ClInclude Include="Structs.h">
      <Filter>Engine</Filter>
    </ClInclude>
    <ClInclude Include="Transform.h">
      <Filter>Engine</Filter>
    </ClInclude>
    <ClInclude Include="VehicleRaycast.h">
      <Filter>Engine</Filter>
    </ClInclude>
    <ClInclude Include="ButtonCode.h">
      <Filter>Utility</Filter>
    </ClInclude>
    <ClInclude Include="Input.h">
      <Filter>Utility</Filter>
    </ClInclude>
    <ClInclude Include="Mathf.h">
      <Filter>Utility</Filter>
    </ClInclude>
    <ClInclude Include="Random.h">
      <Filter>Utility</Filter>
    </ClInclude>
    <ClInclude Include="Time.h">
      <Filter>Utility</Filter>
    </ClInclude>
    <ClInclude Include="RendererUtility.h">
      <Filter>Utility</Filter>
    </ClInclude>
    <ClInclude Include="GeoGenerator.h">
      <Filter>Utility</Filter>
    </ClInclude>
    <ClInclude Include="Loader.h">
      <Filter>Utility</Filter>
    </ClInclude>
    <ClInclude Include="MissileLauncherComponent.h">
      <Filter>Game</Filter>
    </ClInclude>
    <ClInclude Include="MissileComponent.h">
      <Filter>Game</Filter>
    </ClInclude>
    <ClInclude Include="FlamethrowerComponent.h">
      <Filter>Game</Filter>
    </ClInclude>
  </ItemGroup>
  <ItemGroup>
    <ResourceCompile Include="ThunderBowl.rc" />
  </ItemGroup>
  <ItemGroup>
    <None Include="main" />
  </ItemGroup>
  <ItemGroup>
    <Filter Include="Game">
      <UniqueIdentifier>{b38c246d-f914-4ebd-966b-f286489e68a4}</UniqueIdentifier>
    </Filter>
    <Filter Include="Engine">
      <UniqueIdentifier>{a4d7a6b9-1519-46b8-a04a-c6fd920c9b82}</UniqueIdentifier>
    </Filter>
    <Filter Include="Utility">
      <UniqueIdentifier>{b718f0b2-d325-4bbc-a95b-89dbd8e7e6e4}</UniqueIdentifier>
    </Filter>
  </ItemGroup>
</Project>