<?xml version="1.0" encoding="utf-8"?>
<Project ToolsVersion="4.0" xmlns="http://schemas.microsoft.com/developer/msbuild/2003">
  <ItemGroup>
    <ClCompile Include="Audio.cpp" />
    <ClCompile Include="BulletComponent.cpp" />
    <ClCompile Include="ButtonCode.cpp" />
    <ClCompile Include="Camera.cpp" />
    <ClCompile Include="Component.cpp" />
    <ClCompile Include="EnemyComponent.cpp" />
    <ClCompile Include="FloatComponent.cpp" />
    <ClCompile Include="Game.cpp" />
    <ClCompile Include="GameObject.cpp" />
    <ClCompile Include="GeoGenerator.cpp" />
    <ClCompile Include="HealthComponent.cpp" />
    <ClCompile Include="Input.cpp" />
    <ClCompile Include="Loader.cpp" />
    <ClCompile Include="MachineGunComponent.cpp" />
    <ClCompile Include="main.cpp" />
    <ClCompile Include="Mathf.cpp" />
    <ClCompile Include="OceanComponent.cpp" />
    <ClCompile Include="ParticleSystem.cpp" />
    <ClCompile Include="Physics.cpp" />
    <ClCompile Include="PuddleComponent.cpp" />
    <ClCompile Include="Random.cpp" />
    <ClCompile Include="Renderer.cpp" />
    <ClCompile Include="RendererUtility.cpp" />
    <ClCompile Include="RotateComponent.cpp" />
    <ClCompile Include="Time.cpp" />
    <ClCompile Include="Transform.cpp" />
    <ClCompile Include="VehicleComponent.cpp" />
    <ClCompile Include="VehicleRaycast.cpp" />
    <ClCompile Include="PowerUpComponent.cpp" />
    <ClCompile Include="StaticComponent.cpp" />
    <ClCompile Include="PlayerComponent.cpp" />
    <ClCompile Include="GameManager.cpp" />
    <ClCompile Include="AINodeComponent.cpp" />
    <ClCompile Include="AIControlComponent1.cpp" />
  </ItemGroup>
  <ItemGroup>
    <ClInclude Include="Audio.h" />
    <ClInclude Include="BulletComponent.h" />
    <ClInclude Include="ButtonCode.h" />
    <ClInclude Include="Camera.h" />
    <ClInclude Include="CommonIncludes.h" />
    <ClInclude Include="Component.h" />
    <ClInclude Include="EnemyComponent.h" />
    <ClInclude Include="FloatComponent.h" />
    <ClInclude Include="Game.h" />
    <ClInclude Include="GameObject.h" />
    <ClInclude Include="GeoGenerator.h" />
    <ClInclude Include="HealthComponent.h" />
    <ClInclude Include="Input.h" />
    <ClInclude Include="Loader.h" />
    <ClInclude Include="MachineGunComponent.h" />
    <ClInclude Include="Mathf.h" />
    <ClInclude Include="OceanComponent.h" />
    <ClInclude Include="ParticleSystem.h" />
    <ClInclude Include="Physics.h" />
    <ClInclude Include="PuddleComponent.h" />
    <ClInclude Include="Random.h" />
    <ClInclude Include="Renderer.h" />
    <ClInclude Include="RendererUtility.h" />
    <ClInclude Include="resource.h" />
    <ClInclude Include="RotateComponent.h" />
    <ClInclude Include="Structs.h" />
    <ClInclude Include="Time.h" />
    <ClInclude Include="Transform.h" />
    <ClInclude Include="VehicleComponent.h" />
    <ClInclude Include="VehicleRaycast.h" />
    <ClInclude Include="PowerUpComponent.h" />
    <ClInclude Include="StaticComponent.h" />
    <ClInclude Include="PlayerComponent.h" />
    <ClInclude Include="GameManager.h" />
    <ClInclude Include="AINodeComponent.h" />
    <ClInclude Include="AIControlComponent1.h" />
  </ItemGroup>
  <ItemGroup>
    <ResourceCompile Include="ThunderBowl.rc" />
  </ItemGroup>
  <ItemGroup>
    <None Include="main" />
  </ItemGroup>
</Project>